
Microsoft Visual Studio Solution File, Format Version 12.00
# Visual Studio Version 16
VisualStudioVersion = 16.0.31321.278
MinimumVisualStudioVersion = 10.0.40219.1
Project("{FAE04EC0-301F-11D3-BF4B-00C04F79EFBC}") = "Web.931803.Chegodaeva.Lab4", "Web.931803.Chegodaeva.Lab4\Web.931803.Chegodaeva.Lab4.csproj", "{D25DB55C-DF38-4E65-A267-6AC693312FF2}"
EndProject
Global
	GlobalSection(SolutionConfigurationPlatforms) = preSolution
		Debug|Any CPU = Debug|Any CPU
		Release|Any CPU = Release|Any CPU
	EndGlobalSection
	GlobalSection(ProjectConfigurationPlatforms) = postSolution
		{D25DB55C-DF38-4E65-A267-6AC693312FF2}.Debug|Any CPU.ActiveCfg = Debug|Any CPU
		{D25DB55C-DF38-4E65-A267-6AC693312FF2}.Debug|Any CPU.Build.0 = Debug|Any CPU
		{D25DB55C-DF38-4E65-A267-6AC693312FF2}.Release|Any CPU.ActiveCfg = Release|Any CPU
		{D25DB55C-DF38-4E65-A267-6AC693312FF2}.Release|Any CPU.Build.0 = Release|Any CPU
	EndGlobalSection
	GlobalSection(SolutionProperties) = preSolution
		HideSolutionNode = FALSE
	EndGlobalSection
	GlobalSection(ExtensibilityGlobals) = postSolution
		SolutionGuid = {92E4614E-5D4A-4304-B406-8C5FEF8DA3CA}
	EndGlobalSection
EndGlobal
